
Microsoft Visual Studio Solution File, Format Version 11.00
# Visual Studio 2010
Project("{FAE04EC0-301F-11D3-BF4B-00C04F79EFBC}") = "Keyczar", "Keyczar\Keyczar.csproj", "{20FCD1CA-6F4D-424F-AD9C-A20A622BCA14}"
EndProject
Project("{FAE04EC0-301F-11D3-BF4B-00C04F79EFBC}") = "KeyczarTest", "KeyczarTest\KeyczarTest.csproj", "{04AF71F6-BC6C-438F-9DB2-29E15FDDB77C}"
EndProject
Project("{FAE04EC0-301F-11D3-BF4B-00C04F79EFBC}") = "KeyczarTool.Minified", "KeyczarTool.Minified\KeyczarTool.Minified.csproj", "{CD70F4E2-DA86-48D9-9BBC-5C782437474D}"
EndProject
Project("{FAE04EC0-301F-11D3-BF4B-00C04F79EFBC}") = "KeyczarTool", "KeyczarTool\KeyczarTool.csproj", "{05D8AB68-51EC-4EE1-898B-FFE7D7B7F474}"
EndProject
Global
	GlobalSection(SolutionConfigurationPlatforms) = preSolution
		Debug|Any CPU = Debug|Any CPU
		Release|Any CPU = Release|Any CPU
	EndGlobalSection
	GlobalSection(ProjectConfigurationPlatforms) = postSolution
		{20FCD1CA-6F4D-424F-AD9C-A20A622BCA14}.Debug|Any CPU.ActiveCfg = Debug|Any CPU
		{20FCD1CA-6F4D-424F-AD9C-A20A622BCA14}.Debug|Any CPU.Build.0 = Debug|Any CPU
		{20FCD1CA-6F4D-424F-AD9C-A20A622BCA14}.Release|Any CPU.ActiveCfg = Release|Any CPU
		{20FCD1CA-6F4D-424F-AD9C-A20A622BCA14}.Release|Any CPU.Build.0 = Release|Any CPU
		{04AF71F6-BC6C-438F-9DB2-29E15FDDB77C}.Debug|Any CPU.ActiveCfg = Debug|Any CPU
		{04AF71F6-BC6C-438F-9DB2-29E15FDDB77C}.Debug|Any CPU.Build.0 = Debug|Any CPU
		{04AF71F6-BC6C-438F-9DB2-29E15FDDB77C}.Release|Any CPU.ActiveCfg = Release|Any CPU
		{04AF71F6-BC6C-438F-9DB2-29E15FDDB77C}.Release|Any CPU.Build.0 = Release|Any CPU
		{CD70F4E2-DA86-48D9-9BBC-5C782437474D}.Debug|Any CPU.ActiveCfg = Debug|Any CPU
		{CD70F4E2-DA86-48D9-9BBC-5C782437474D}.Debug|Any CPU.Build.0 = Debug|Any CPU
		{CD70F4E2-DA86-48D9-9BBC-5C782437474D}.Release|Any CPU.ActiveCfg = Release|Any CPU
		{CD70F4E2-DA86-48D9-9BBC-5C782437474D}.Release|Any CPU.Build.0 = Release|Any CPU
		{05D8AB68-51EC-4EE1-898B-FFE7D7B7F474}.Debug|Any CPU.ActiveCfg = Debug|Any CPU
		{05D8AB68-51EC-4EE1-898B-FFE7D7B7F474}.Debug|Any CPU.Build.0 = Debug|Any CPU
		{05D8AB68-51EC-4EE1-898B-FFE7D7B7F474}.Release|Any CPU.ActiveCfg = Release|Any CPU
		{05D8AB68-51EC-4EE1-898B-FFE7D7B7F474}.Release|Any CPU.Build.0 = Release|Any CPU
	EndGlobalSection
	GlobalSection(SolutionProperties) = preSolution
		HideSolutionNode = FALSE
	EndGlobalSection
	GlobalSection(MonoDevelopProperties) = preSolution
		StartupItem = Keyczar\Keyczar.csproj
	EndGlobalSection
EndGlobal
